
Microsoft Visual Studio Solution File, Format Version 12.00
# Visual Studio Version 17
VisualStudioVersion = 17.9.34728.123
MinimumVisualStudioVersion = 10.0.40219.1
Project("{FAE04EC0-301F-11D3-BF4B-00C04F79EFBC}") = "Ferry System", "Ferry System\Ferry System.csproj", "{47E16079-12C3-4764-AAA1-9D506D064F25}"
EndProject
Global
	GlobalSection(SolutionConfigurationPlatforms) = preSolution
		Debug|Any CPU = Debug|Any CPU
		Release|Any CPU = Release|Any CPU
	EndGlobalSection
	GlobalSection(ProjectConfigurationPlatforms) = postSolution
		{47E16079-12C3-4764-AAA1-9D506D064F25}.Debug|Any CPU.ActiveCfg = Debug|Any CPU
		{47E16079-12C3-4764-AAA1-9D506D064F25}.Debug|Any CPU.Build.0 = Debug|Any CPU
		{47E16079-12C3-4764-AAA1-9D506D064F25}.Release|Any CPU.ActiveCfg = Release|Any CPU
		{47E16079-12C3-4764-AAA1-9D506D064F25}.Release|Any CPU.Build.0 = Release|Any CPU
	EndGlobalSection
	GlobalSection(SolutionProperties) = preSolution
		HideSolutionNode = FALSE
	EndGlobalSection
	GlobalSection(ExtensibilityGlobals) = postSolution
		SolutionGuid = {778872D7-42CA-42CF-87CF-0BB072195D46}
	EndGlobalSection
EndGlobal
